// !$*UTF8*$!
{
	archiveVersion = 1;
	classes = {
	};
	objectVersion = 48;
	objects = {

/* Begin PBXBuildFile section */
		6E3FB82FEC50D5F355670BB0 /* Pods_Smack.framework in Frameworks */ = {isa = PBXBuildFile; fileRef = 722458675E877A158B54FA17 /* Pods_Smack.framework */; };
		E84327681F964F5700575C0C /* Constants.swift in Sources */ = {isa = PBXBuildFile; fileRef = E84327671F964F5700575C0C /* Constants.swift */; };
		E843276A1F9655DB00575C0C /* LoginVC.swift in Sources */ = {isa = PBXBuildFile; fileRef = E84327691F9655DB00575C0C /* LoginVC.swift */; };
		E843276C1F96601C00575C0C /* CreateAccountVC.swift in Sources */ = {isa = PBXBuildFile; fileRef = E843276B1F96601C00575C0C /* CreateAccountVC.swift */; };
		E844E4231F95E1AB00A4E90A /* AppDelegate.swift in Sources */ = {isa = PBXBuildFile; fileRef = E844E4221F95E1AB00A4E90A /* AppDelegate.swift */; };
		E844E4251F95E1AB00A4E90A /* ChatVC.swift in Sources */ = {isa = PBXBuildFile; fileRef = E844E4241F95E1AB00A4E90A /* ChatVC.swift */; };
		E844E4281F95E1AB00A4E90A /* Main.storyboard in Resources */ = {isa = PBXBuildFile; fileRef = E844E4261F95E1AB00A4E90A /* Main.storyboard */; };
		E844E42A1F95E1AB00A4E90A /* Assets.xcassets in Resources */ = {isa = PBXBuildFile; fileRef = E844E4291F95E1AB00A4E90A /* Assets.xcassets */; };
		E844E42D1F95E1AB00A4E90A /* LaunchScreen.storyboard in Resources */ = {isa = PBXBuildFile; fileRef = E844E42B1F95E1AB00A4E90A /* LaunchScreen.storyboard */; };
		E84751301FA4B739003117FC /* SocketService.swift in Sources */ = {isa = PBXBuildFile; fileRef = E847512F1FA4B739003117FC /* SocketService.swift */; };
		E869A48A1FA2D969008F2911 /* AddChannelVC.swift in Sources */ = {isa = PBXBuildFile; fileRef = E869A4881FA2D969008F2911 /* AddChannelVC.swift */; };
		E869A48B1FA2D969008F2911 /* AddChannelVC.xib in Resources */ = {isa = PBXBuildFile; fileRef = E869A4891FA2D969008F2911 /* AddChannelVC.xib */; };
		E895AC1E1FA1A13F0042FBB6 /* MessageService.swift in Sources */ = {isa = PBXBuildFile; fileRef = E895AC1D1FA1A13F0042FBB6 /* MessageService.swift */; };
		E895AC201FA1A16D0042FBB6 /* Channel.swift in Sources */ = {isa = PBXBuildFile; fileRef = E895AC1F1FA1A16D0042FBB6 /* Channel.swift */; };
		E895AC221FA1A7AB0042FBB6 /* ChannelCell.swift in Sources */ = {isa = PBXBuildFile; fileRef = E895AC211FA1A7AB0042FBB6 /* ChannelCell.swift */; };
		E89F8A201FA502FE000D5DE3 /* Message.swift in Sources */ = {isa = PBXBuildFile; fileRef = E89F8A1F1FA502FE000D5DE3 /* Message.swift */; };
		E8C760E71F9A122A008A2059 /* AuthService.swift in Sources */ = {isa = PBXBuildFile; fileRef = E8C760E61F9A122A008A2059 /* AuthService.swift */; };
		E8C761211F9D9E72008A2059 /* RoundedButton.swift in Sources */ = {isa = PBXBuildFile; fileRef = E8C761201F9D9E72008A2059 /* RoundedButton.swift */; };
		E8C761231FA07EA8008A2059 /* UserDataService.swift in Sources */ = {isa = PBXBuildFile; fileRef = E8C761221FA07EA8008A2059 /* UserDataService.swift */; };
		E8C761251FA09396008A2059 /* AvatarPickerVC.swift in Sources */ = {isa = PBXBuildFile; fileRef = E8C761241FA09396008A2059 /* AvatarPickerVC.swift */; };
		E8C761271FA097DD008A2059 /* AvatarCell.swift in Sources */ = {isa = PBXBuildFile; fileRef = E8C761261FA097DD008A2059 /* AvatarCell.swift */; };
		E8C761291FA0AFA5008A2059 /* ClicleImage.swift in Sources */ = {isa = PBXBuildFile; fileRef = E8C761281FA0AFA5008A2059 /* ClicleImage.swift */; };
		E8C7612C1FA0E647008A2059 /* MBProgressHUDView.swift in Sources */ = {isa = PBXBuildFile; fileRef = E8C7612B1FA0E647008A2059 /* MBProgressHUDView.swift */; };
		E8C761311FA0F85D008A2059 /* ProfileVC.swift in Sources */ = {isa = PBXBuildFile; fileRef = E8C7612F1FA0F85D008A2059 /* ProfileVC.swift */; };
		E8C761321FA0F85D008A2059 /* ProfileVC.xib in Resources */ = {isa = PBXBuildFile; fileRef = E8C761301FA0F85D008A2059 /* ProfileVC.xib */; };
		E8E81A951F960106008729A4 /* SWRevealViewController.m in Sources */ = {isa = PBXBuildFile; fileRef = E8FF9CE51F95E93300670303 /* SWRevealViewController.m */; };
		E8E81A971F962E71008729A4 /* GradientView.swift in Sources */ = {isa = PBXBuildFile; fileRef = E8E81A961F962E71008729A4 /* GradientView.swift */; };
		E8FF9CE71F95EEFE00670303 /* ChannelVC.swift in Sources */ = {isa = PBXBuildFile; fileRef = E8FF9CE61F95EEFE00670303 /* ChannelVC.swift */; };
/* End PBXBuildFile section */

/* Begin PBXFileReference section */
		722458675E877A158B54FA17 /* Pods_Smack.framework */ = {isa = PBXFileReference; explicitFileType = wrapper.framework; includeInIndex = 0; path = Pods_Smack.framework; sourceTree = BUILT_PRODUCTS_DIR; };
		99836C73D1BD41E2BCBC718E /* Pods-Smack.debug.xcconfig */ = {isa = PBXFileReference; includeInIndex = 1; lastKnownFileType = text.xcconfig; name = "Pods-Smack.debug.xcconfig"; path = "Pods/Target Support Files/Pods-Smack/Pods-Smack.debug.xcconfig"; sourceTree = "<group>"; };
		E84327671F964F5700575C0C /* Constants.swift */ = {isa = PBXFileReference; lastKnownFileType = sourcecode.swift; path = Constants.swift; sourceTree = "<group>"; };
		E84327691F9655DB00575C0C /* LoginVC.swift */ = {isa = PBXFileReference; lastKnownFileType = sourcecode.swift; path = LoginVC.swift; sourceTree = "<group>"; };
		E843276B1F96601C00575C0C /* CreateAccountVC.swift */ = {isa = PBXFileReference; lastKnownFileType = sourcecode.swift; path = CreateAccountVC.swift; sourceTree = "<group>"; };
		E844E41F1F95E1AB00A4E90A /* Smack.app */ = {isa = PBXFileReference; explicitFileType = wrapper.application; includeInIndex = 0; path = Smack.app; sourceTree = BUILT_PRODUCTS_DIR; };
		E844E4221F95E1AB00A4E90A /* AppDelegate.swift */ = {isa = PBXFileReference; lastKnownFileType = sourcecode.swift; path = AppDelegate.swift; sourceTree = "<group>"; };
		E844E4241F95E1AB00A4E90A /* ChatVC.swift */ = {isa = PBXFileReference; lastKnownFileType = sourcecode.swift; path = ChatVC.swift; sourceTree = "<group>"; };
		E844E4271F95E1AB00A4E90A /* Base */ = {isa = PBXFileReference; lastKnownFileType = file.storyboard; name = Base; path = Base.lproj/Main.storyboard; sourceTree = "<group>"; };
		E844E4291F95E1AB00A4E90A /* Assets.xcassets */ = {isa = PBXFileReference; lastKnownFileType = folder.assetcatalog; path = Assets.xcassets; sourceTree = "<group>"; };
		E844E42C1F95E1AB00A4E90A /* Base */ = {isa = PBXFileReference; lastKnownFileType = file.storyboard; name = Base; path = Base.lproj/LaunchScreen.storyboard; sourceTree = "<group>"; };
		E844E42E1F95E1AB00A4E90A /* Info.plist */ = {isa = PBXFileReference; lastKnownFileType = text.plist.xml; path = Info.plist; sourceTree = "<group>"; };
		E847512F1FA4B739003117FC /* SocketService.swift */ = {isa = PBXFileReference; lastKnownFileType = sourcecode.swift; path = SocketService.swift; sourceTree = "<group>"; };
		E869A4881FA2D969008F2911 /* AddChannelVC.swift */ = {isa = PBXFileReference; lastKnownFileType = sourcecode.swift; path = AddChannelVC.swift; sourceTree = "<group>"; };
		E869A4891FA2D969008F2911 /* AddChannelVC.xib */ = {isa = PBXFileReference; lastKnownFileType = file.xib; path = AddChannelVC.xib; sourceTree = "<group>"; };
		E895AC1D1FA1A13F0042FBB6 /* MessageService.swift */ = {isa = PBXFileReference; lastKnownFileType = sourcecode.swift; path = MessageService.swift; sourceTree = "<group>"; };
		E895AC1F1FA1A16D0042FBB6 /* Channel.swift */ = {isa = PBXFileReference; lastKnownFileType = sourcecode.swift; path = Channel.swift; sourceTree = "<group>"; };
		E895AC211FA1A7AB0042FBB6 /* ChannelCell.swift */ = {isa = PBXFileReference; lastKnownFileType = sourcecode.swift; path = ChannelCell.swift; sourceTree = "<group>"; };
		E89F8A1F1FA502FE000D5DE3 /* Message.swift */ = {isa = PBXFileReference; lastKnownFileType = sourcecode.swift; path = Message.swift; sourceTree = "<group>"; };
		E8C760E61F9A122A008A2059 /* AuthService.swift */ = {isa = PBXFileReference; lastKnownFileType = sourcecode.swift; path = AuthService.swift; sourceTree = "<group>"; };
		E8C761201F9D9E72008A2059 /* RoundedButton.swift */ = {isa = PBXFileReference; lastKnownFileType = sourcecode.swift; path = RoundedButton.swift; sourceTree = "<group>"; };
		E8C761221FA07EA8008A2059 /* UserDataService.swift */ = {isa = PBXFileReference; lastKnownFileType = sourcecode.swift; path = UserDataService.swift; sourceTree = "<group>"; };
		E8C761241FA09396008A2059 /* AvatarPickerVC.swift */ = {isa = PBXFileReference; lastKnownFileType = sourcecode.swift; path = AvatarPickerVC.swift; sourceTree = "<group>"; };
		E8C761261FA097DD008A2059 /* AvatarCell.swift */ = {isa = PBXFileReference; lastKnownFileType = sourcecode.swift; path = AvatarCell.swift; sourceTree = "<group>"; };
		E8C761281FA0AFA5008A2059 /* ClicleImage.swift */ = {isa = PBXFileReference; lastKnownFileType = sourcecode.swift; path = ClicleImage.swift; sourceTree = "<group>"; };
		E8C7612B1FA0E647008A2059 /* MBProgressHUDView.swift */ = {isa = PBXFileReference; lastKnownFileType = sourcecode.swift; path = MBProgressHUDView.swift; sourceTree = "<group>"; };
		E8C7612F1FA0F85D008A2059 /* ProfileVC.swift */ = {isa = PBXFileReference; lastKnownFileType = sourcecode.swift; path = ProfileVC.swift; sourceTree = "<group>"; };
		E8C761301FA0F85D008A2059 /* ProfileVC.xib */ = {isa = PBXFileReference; lastKnownFileType = file.xib; path = ProfileVC.xib; sourceTree = "<group>"; };
		E8E81A961F962E71008729A4 /* GradientView.swift */ = {isa = PBXFileReference; lastKnownFileType = sourcecode.swift; path = GradientView.swift; sourceTree = "<group>"; };
		E8FF9CE31F95E93200670303 /* Smack-Bridging-Header.h */ = {isa = PBXFileReference; lastKnownFileType = sourcecode.c.h; path = "Smack-Bridging-Header.h"; sourceTree = "<group>"; };
		E8FF9CE41F95E93300670303 /* SWRevealViewController.h */ = {isa = PBXFileReference; lastKnownFileType = sourcecode.c.h; path = SWRevealViewController.h; sourceTree = "<group>"; };
		E8FF9CE51F95E93300670303 /* SWRevealViewController.m */ = {isa = PBXFileReference; lastKnownFileType = sourcecode.c.objc; path = SWRevealViewController.m; sourceTree = "<group>"; };
		E8FF9CE61F95EEFE00670303 /* ChannelVC.swift */ = {isa = PBXFileReference; lastKnownFileType = sourcecode.swift; path = ChannelVC.swift; sourceTree = "<group>"; };
		F2584837F78EF8486BBCE129 /* Pods-Smack.release.xcconfig */ = {isa = PBXFileReference; includeInIndex = 1; lastKnownFileType = text.xcconfig; name = "Pods-Smack.release.xcconfig"; path = "Pods/Target Support Files/Pods-Smack/Pods-Smack.release.xcconfig"; sourceTree = "<group>"; };
/* End PBXFileReference section */

/* Begin PBXFrameworksBuildPhase section */
		E844E41C1F95E1AB00A4E90A /* Frameworks */ = {
			isa = PBXFrameworksBuildPhase;
			buildActionMask = 2147483647;
			files = (
				6E3FB82FEC50D5F355670BB0 /* Pods_Smack.framework in Frameworks */,
			);
			runOnlyForDeploymentPostprocessing = 0;
		};
/* End PBXFrameworksBuildPhase section */

/* Begin PBXGroup section */
		0E7C81E46F57F50EFB55730A /* Pods */ = {
			isa = PBXGroup;
			children = (
				99836C73D1BD41E2BCBC718E /* Pods-Smack.debug.xcconfig */,
				F2584837F78EF8486BBCE129 /* Pods-Smack.release.xcconfig */,
			);
			name = Pods;
			sourceTree = "<group>";
		};
		38ACBE6DB0CE472C09433F8E /* Frameworks */ = {
			isa = PBXGroup;
			children = (
				722458675E877A158B54FA17 /* Pods_Smack.framework */,
			);
			name = Frameworks;
			sourceTree = "<group>";
		};
		E84327661F964F3E00575C0C /* Utilitles */ = {
			isa = PBXGroup;
			children = (
				E84327671F964F5700575C0C /* Constants.swift */,
			);
			path = Utilitles;
			sourceTree = "<group>";
		};
		E844E4161F95E1AB00A4E90A = {
			isa = PBXGroup;
			children = (
				E844E4211F95E1AB00A4E90A /* Smack */,
				E844E4201F95E1AB00A4E90A /* Products */,
				0E7C81E46F57F50EFB55730A /* Pods */,
				38ACBE6DB0CE472C09433F8E /* Frameworks */,
			);
			sourceTree = "<group>";
		};
		E844E4201F95E1AB00A4E90A /* Products */ = {
			isa = PBXGroup;
			children = (
				E844E41F1F95E1AB00A4E90A /* Smack.app */,
			);
			name = Products;
			sourceTree = "<group>";
		};
		E844E4211F95E1AB00A4E90A /* Smack */ = {
			isa = PBXGroup;
			children = (
				E8C761331FA0F88A008A2059 /* XIBs */,
				E8C760E51F9A1216008A2059 /* Services */,
				E84327661F964F3E00575C0C /* Utilitles */,
				E8FF9CE11F95E8CC00670303 /* Supporting Files */,
				E8FF9CE01F95E79400670303 /* Model */,
				E8FF9CDF1F95E78E00670303 /* Views */,
				E8FF9CDE1F95E78100670303 /* Controller */,
				E844E4221F95E1AB00A4E90A /* AppDelegate.swift */,
				E844E4261F95E1AB00A4E90A /* Main.storyboard */,
				E844E4291F95E1AB00A4E90A /* Assets.xcassets */,
				E844E42B1F95E1AB00A4E90A /* LaunchScreen.storyboard */,
				E844E42E1F95E1AB00A4E90A /* Info.plist */,
			);
			path = Smack;
			sourceTree = "<group>";
		};
		E8C760E51F9A1216008A2059 /* Services */ = {
			isa = PBXGroup;
			children = (
				E8C760E61F9A122A008A2059 /* AuthService.swift */,
				E8C761221FA07EA8008A2059 /* UserDataService.swift */,
				E895AC1D1FA1A13F0042FBB6 /* MessageService.swift */,
				E847512F1FA4B739003117FC /* SocketService.swift */,
			);
			path = Services;
			sourceTree = "<group>";
		};
		E8C761331FA0F88A008A2059 /* XIBs */ = {
			isa = PBXGroup;
			children = (
				E8C761301FA0F85D008A2059 /* ProfileVC.xib */,
				E869A4891FA2D969008F2911 /* AddChannelVC.xib */,
			);
			path = XIBs;
			sourceTree = "<group>";
		};
		E8FF9CDE1F95E78100670303 /* Controller */ = {
			isa = PBXGroup;
			children = (
				E844E4241F95E1AB00A4E90A /* ChatVC.swift */,
				E8FF9CE61F95EEFE00670303 /* ChannelVC.swift */,
				E84327691F9655DB00575C0C /* LoginVC.swift */,
				E843276B1F96601C00575C0C /* CreateAccountVC.swift */,
				E8C761241FA09396008A2059 /* AvatarPickerVC.swift */,
				E8C7612F1FA0F85D008A2059 /* ProfileVC.swift */,
				E869A4881FA2D969008F2911 /* AddChannelVC.swift */,
			);
			path = Controller;
			sourceTree = "<group>";
		};
		E8FF9CDF1F95E78E00670303 /* Views */ = {
			isa = PBXGroup;
			children = (
				E8E81A961F962E71008729A4 /* GradientView.swift */,
				E8C761201F9D9E72008A2059 /* RoundedButton.swift */,
				E8C761261FA097DD008A2059 /* AvatarCell.swift */,
				E8C761281FA0AFA5008A2059 /* ClicleImage.swift */,
				E8C7612B1FA0E647008A2059 /* MBProgressHUDView.swift */,
				E895AC211FA1A7AB0042FBB6 /* ChannelCell.swift */,
			);
			path = Views;
			sourceTree = "<group>";
		};
		E8FF9CE01F95E79400670303 /* Model */ = {
			isa = PBXGroup;
			children = (
				E895AC1F1FA1A16D0042FBB6 /* Channel.swift */,
				E89F8A1F1FA502FE000D5DE3 /* Message.swift */,
			);
			path = Model;
			sourceTree = "<group>";
		};
		E8FF9CE11F95E8CC00670303 /* Supporting Files */ = {
			isa = PBXGroup;
			children = (
				E8FF9CE41F95E93300670303 /* SWRevealViewController.h */,
				E8FF9CE51F95E93300670303 /* SWRevealViewController.m */,
				E8FF9CE31F95E93200670303 /* Smack-Bridging-Header.h */,
			);
			path = "Supporting Files";
			sourceTree = "<group>";
		};
/* End PBXGroup section */

/* Begin PBXNativeTarget section */
		E844E41E1F95E1AB00A4E90A /* Smack */ = {
			isa = PBXNativeTarget;
			buildConfigurationList = E844E4311F95E1AB00A4E90A /* Build configuration list for PBXNativeTarget "Smack" */;
			buildPhases = (
				FE00E46A01C90E59384447E7 /* [CP] Check Pods Manifest.lock */,
				E844E41B1F95E1AB00A4E90A /* Sources */,
				E844E41C1F95E1AB00A4E90A /* Frameworks */,
				E844E41D1F95E1AB00A4E90A /* Resources */,
				D17AA164F8C41FBABB4429B0 /* [CP] Embed Pods Frameworks */,
				3059364CF01BB36E4383B4AC /* [CP] Copy Pods Resources */,
			);
			buildRules = (
			);
			dependencies = (
			);
			name = Smack;
			productName = Smack;
			productReference = E844E41F1F95E1AB00A4E90A /* Smack.app */;
			productType = "com.apple.product-type.application";
		};
/* End PBXNativeTarget section */

/* Begin PBXProject section */
		E844E4171F95E1AB00A4E90A /* Project object */ = {
			isa = PBXProject;
			attributes = {
				LastSwiftUpdateCheck = 0900;
				LastUpgradeCheck = 0900;
				ORGANIZATIONNAME = AndyWu;
				TargetAttributes = {
					E844E41E1F95E1AB00A4E90A = {
						CreatedOnToolsVersion = 9.0;
						LastSwiftMigration = 0900;
						ProvisioningStyle = Automatic;
					};
				};
			};
			buildConfigurationList = E844E41A1F95E1AB00A4E90A /* Build configuration list for PBXProject "Smack" */;
			compatibilityVersion = "Xcode 8.0";
			developmentRegion = en;
			hasScannedForEncodings = 0;
			knownRegions = (
				en,
				Base,
			);
			mainGroup = E844E4161F95E1AB00A4E90A;
			productRefGroup = E844E4201F95E1AB00A4E90A /* Products */;
			projectDirPath = "";
			projectRoot = "";
			targets = (
				E844E41E1F95E1AB00A4E90A /* Smack */,
			);
		};
/* End PBXProject section */

/* Begin PBXResourcesBuildPhase section */
		E844E41D1F95E1AB00A4E90A /* Resources */ = {
			isa = PBXResourcesBuildPhase;
			buildActionMask = 2147483647;
			files = (
				E869A48B1FA2D969008F2911 /* AddChannelVC.xib in Resources */,
				E8C761321FA0F85D008A2059 /* ProfileVC.xib in Resources */,
				E844E42D1F95E1AB00A4E90A /* LaunchScreen.storyboard in Resources */,
				E844E42A1F95E1AB00A4E90A /* Assets.xcassets in Resources */,
				E844E4281F95E1AB00A4E90A /* Main.storyboard in Resources */,
			);
			runOnlyForDeploymentPostprocessing = 0;
		};
/* End PBXResourcesBuildPhase section */

/* Begin PBXShellScriptBuildPhase section */
		3059364CF01BB36E4383B4AC /* [CP] Copy Pods Resources */ = {
			isa = PBXShellScriptBuildPhase;
			buildActionMask = 2147483647;
			files = (
			);
			inputPaths = (
			);
			name = "[CP] Copy Pods Resources";
			outputPaths = (
			);
			runOnlyForDeploymentPostprocessing = 0;
			shellPath = /bin/sh;
			shellScript = "\"${SRCROOT}/Pods/Target Support Files/Pods-Smack/Pods-Smack-resources.sh\"\n";
			showEnvVarsInLog = 0;
		};
		D17AA164F8C41FBABB4429B0 /* [CP] Embed Pods Frameworks */ = {
			isa = PBXShellScriptBuildPhase;
			buildActionMask = 2147483647;
			files = (
			);
			inputPaths = (
				"${SRCROOT}/Pods/Target Support Files/Pods-Smack/Pods-Smack-frameworks.sh",
				"${BUILT_PRODUCTS_DIR}/Alamofire/Alamofire.framework",
				"${BUILT_PRODUCTS_DIR}/MBProgressHUD/MBProgressHUD.framework",
				"${BUILT_PRODUCTS_DIR}/Socket.IO-Client-Swift/SocketIO.framework",
				"${BUILT_PRODUCTS_DIR}/StarscreamSocketIO/StarscreamSocketIO.framework",
				"${BUILT_PRODUCTS_DIR}/SwiftyJSON/SwiftyJSON.framework",
			);
			name = "[CP] Embed Pods Frameworks";
			outputPaths = (
				"${TARGET_BUILD_DIR}/${FRAMEWORKS_FOLDER_PATH}/Alamofire.framework",
				"${TARGET_BUILD_DIR}/${FRAMEWORKS_FOLDER_PATH}/MBProgressHUD.framework",
				"${TARGET_BUILD_DIR}/${FRAMEWORKS_FOLDER_PATH}/SocketIO.framework",
				"${TARGET_BUILD_DIR}/${FRAMEWORKS_FOLDER_PATH}/StarscreamSocketIO.framework",
				"${TARGET_BUILD_DIR}/${FRAMEWORKS_FOLDER_PATH}/SwiftyJSON.framework",
			);
			runOnlyForDeploymentPostprocessing = 0;
			shellPath = /bin/sh;
			shellScript = "\"${SRCROOT}/Pods/Target Support Files/Pods-Smack/Pods-Smack-frameworks.sh\"\n";
			showEnvVarsInLog = 0;
		};
		FE00E46A01C90E59384447E7 /* [CP] Check Pods Manifest.lock */ = {
			isa = PBXShellScriptBuildPhase;
			buildActionMask = 2147483647;
			files = (
			);
			inputPaths = (
				"${PODS_PODFILE_DIR_PATH}/Podfile.lock",
				"${PODS_ROOT}/Manifest.lock",
			);
			name = "[CP] Check Pods Manifest.lock";
			outputPaths = (
				"$(DERIVED_FILE_DIR)/Pods-Smack-checkManifestLockResult.txt",
			);
			runOnlyForDeploymentPostprocessing = 0;
			shellPath = /bin/sh;
			shellScript = "diff \"${PODS_PODFILE_DIR_PATH}/Podfile.lock\" \"${PODS_ROOT}/Manifest.lock\" > /dev/null\nif [ $? != 0 ] ; then\n    # print error to STDERR\n    echo \"error: The sandbox is not in sync with the Podfile.lock. Run 'pod install' or update your CocoaPods installation.\" >&2\n    exit 1\nfi\n# This output is used by Xcode 'outputs' to avoid re-running this script phase.\necho \"SUCCESS\" > \"${SCRIPT_OUTPUT_FILE_0}\"\n";
			showEnvVarsInLog = 0;
		};
/* End PBXShellScriptBuildPhase section */

/* Begin PBXSourcesBuildPhase section */
		E844E41B1F95E1AB00A4E90A /* Sources */ = {
			isa = PBXSourcesBuildPhase;
			buildActionMask = 2147483647;
			files = (
				E844E4251F95E1AB00A4E90A /* ChatVC.swift in Sources */,
				E8C761291FA0AFA5008A2059 /* ClicleImage.swift in Sources */,
				E8C761251FA09396008A2059 /* AvatarPickerVC.swift in Sources */,
				E8C761211F9D9E72008A2059 /* RoundedButton.swift in Sources */,
				E8C761311FA0F85D008A2059 /* ProfileVC.swift in Sources */,
				E8FF9CE71F95EEFE00670303 /* ChannelVC.swift in Sources */,
				E895AC1E1FA1A13F0042FBB6 /* MessageService.swift in Sources */,
				E895AC201FA1A16D0042FBB6 /* Channel.swift in Sources */,
				E8C761231FA07EA8008A2059 /* UserDataService.swift in Sources */,
				E843276C1F96601C00575C0C /* CreateAccountVC.swift in Sources */,
				E895AC221FA1A7AB0042FBB6 /* ChannelCell.swift in Sources */,
				E8C760E71F9A122A008A2059 /* AuthService.swift in Sources */,
				E843276A1F9655DB00575C0C /* LoginVC.swift in Sources */,
				E8E81A971F962E71008729A4 /* GradientView.swift in Sources */,
				E84751301FA4B739003117FC /* SocketService.swift in Sources */,
				E8C761271FA097DD008A2059 /* AvatarCell.swift in Sources */,
				E844E4231F95E1AB00A4E90A /* AppDelegate.swift in Sources */,
				E89F8A201FA502FE000D5DE3 /* Message.swift in Sources */,
				E869A48A1FA2D969008F2911 /* AddChannelVC.swift in Sources */,
				E8E81A951F960106008729A4 /* SWRevealViewController.m in Sources */,
				E8C7612C1FA0E647008A2059 /* MBProgressHUDView.swift in Sources */,
				E84327681F964F5700575C0C /* Constants.swift in Sources */,
			);
			runOnlyForDeploymentPostprocessing = 0;
		};
/* End PBXSourcesBuildPhase section */

/* Begin PBXVariantGroup section */
		E844E4261F95E1AB00A4E90A /* Main.storyboard */ = {
			isa = PBXVariantGroup;
			children = (
				E844E4271F95E1AB00A4E90A /* Base */,
			);
			name = Main.storyboard;
			sourceTree = "<group>";
		};
		E844E42B1F95E1AB00A4E90A /* LaunchScreen.storyboard */ = {
			isa = PBXVariantGroup;
			children = (
				E844E42C1F95E1AB00A4E90A /* Base */,
			);
			name = LaunchScreen.storyboard;
			sourceTree = "<group>";
		};
/* End PBXVariantGroup section */

/* Begin XCBuildConfiguration section */
		E844E42F1F95E1AB00A4E90A /* Debug */ = {
			isa = XCBuildConfiguration;
			buildSettings = {
				ALWAYS_SEARCH_USER_PATHS = NO;
				CLANG_ANALYZER_NONNULL = YES;
				CLANG_ANALYZER_NUMBER_OBJECT_CONVERSION = YES_AGGRESSIVE;
				CLANG_CXX_LANGUAGE_STANDARD = "gnu++14";
				CLANG_CXX_LIBRARY = "libc++";
				CLANG_ENABLE_MODULES = YES;
				CLANG_ENABLE_OBJC_ARC = YES;
				CLANG_WARN_BLOCK_CAPTURE_AUTORELEASING = YES;
				CLANG_WARN_BOOL_CONVERSION = YES;
				CLANG_WARN_COMMA = YES;
				CLANG_WARN_CONSTANT_CONVERSION = YES;
				CLANG_WARN_DIRECT_OBJC_ISA_USAGE = YES_ERROR;
				CLANG_WARN_DOCUMENTATION_COMMENTS = YES;
				CLANG_WARN_EMPTY_BODY = YES;
				CLANG_WARN_ENUM_CONVERSION = YES;
				CLANG_WARN_INFINITE_RECURSION = YES;
				CLANG_WARN_INT_CONVERSION = YES;
				CLANG_WARN_NON_LITERAL_NULL_CONVERSION = YES;
				CLANG_WARN_OBJC_LITERAL_CONVERSION = YES;
				CLANG_WARN_OBJC_ROOT_CLASS = YES_ERROR;
				CLANG_WARN_RANGE_LOOP_ANALYSIS = YES;
				CLANG_WARN_STRICT_PROTOTYPES = YES;
				CLANG_WARN_SUSPICIOUS_MOVE = YES;
				CLANG_WARN_UNGUARDED_AVAILABILITY = YES_AGGRESSIVE;
				CLANG_WARN_UNREACHABLE_CODE = YES;
				CLANG_WARN__DUPLICATE_METHOD_MATCH = YES;
				CODE_SIGN_IDENTITY = "iPhone Developer";
				COPY_PHASE_STRIP = NO;
				DEBUG_INFORMATION_FORMAT = dwarf;
				ENABLE_STRICT_OBJC_MSGSEND = YES;
				ENABLE_TESTABILITY = YES;
				GCC_C_LANGUAGE_STANDARD = gnu11;
				GCC_DYNAMIC_NO_PIC = NO;
				GCC_NO_COMMON_BLOCKS = YES;
				GCC_OPTIMIZATION_LEVEL = 0;
				GCC_PREPROCESSOR_DEFINITIONS = (
					"DEBUG=1",
					"$(inherited)",
				);
				GCC_WARN_64_TO_32_BIT_CONVERSION = YES;
				GCC_WARN_ABOUT_RETURN_TYPE = YES_ERROR;
				GCC_WARN_UNDECLARED_SELECTOR = YES;
				GCC_WARN_UNINITIALIZED_AUTOS = YES_AGGRESSIVE;
				GCC_WARN_UNUSED_FUNCTION = YES;
				GCC_WARN_UNUSED_VARIABLE = YES;
				IPHONEOS_DEPLOYMENT_TARGET = 11.0;
				MTL_ENABLE_DEBUG_INFO = YES;
				ONLY_ACTIVE_ARCH = YES;
				SDKROOT = iphoneos;
				SWIFT_ACTIVE_COMPILATION_CONDITIONS = DEBUG;
				SWIFT_OPTIMIZATION_LEVEL = "-Onone";
			};
			name = Debug;
		};
		E844E4301F95E1AB00A4E90A /* Release */ = {
			isa = XCBuildConfiguration;
			buildSettings = {
				ALWAYS_SEARCH_USER_PATHS = NO;
				CLANG_ANALYZER_NONNULL = YES;
				CLANG_ANALYZER_NUMBER_OBJECT_CONVERSION = YES_AGGRESSIVE;
				CLANG_CXX_LANGUAGE_STANDARD = "gnu++14";
				CLANG_CXX_LIBRARY = "libc++";
				CLANG_ENABLE_MODULES = YES;
				CLANG_ENABLE_OBJC_ARC = YES;
				CLANG_WARN_BLOCK_CAPTURE_AUTORELEASING = YES;
				CLANG_WARN_BOOL_CONVERSION = YES;
				CLANG_WARN_COMMA = YES;
				CLANG_WARN_CONSTANT_CONVERSION = YES;
				CLANG_WARN_DIRECT_OBJC_ISA_USAGE = YES_ERROR;
				CLANG_WARN_DOCUMENTATION_COMMENTS = YES;
				CLANG_WARN_EMPTY_BODY = YES;
				CLANG_WARN_ENUM_CONVERSION = YES;
				CLANG_WARN_INFINITE_RECURSION = YES;
				CLANG_WARN_INT_CONVERSION = YES;
				CLANG_WARN_NON_LITERAL_NULL_CONVERSION = YES;
				CLANG_WARN_OBJC_LITERAL_CONVERSION = YES;
				CLANG_WARN_OBJC_ROOT_CLASS = YES_ERROR;
				CLANG_WARN_RANGE_LOOP_ANALYSIS = YES;
				CLANG_WARN_STRICT_PROTOTYPES = YES;
				CLANG_WARN_SUSPICIOUS_MOVE = YES;
				CLANG_WARN_UNGUARDED_AVAILABILITY = YES_AGGRESSIVE;
				CLANG_WARN_UNREACHABLE_CODE = YES;
				CLANG_WARN__DUPLICATE_METHOD_MATCH = YES;
				CODE_SIGN_IDENTITY = "iPhone Developer";
				COPY_PHASE_STRIP = NO;
				DEBUG_INFORMATION_FORMAT = "dwarf-with-dsym";
				ENABLE_NS_ASSERTIONS = NO;
				ENABLE_STRICT_OBJC_MSGSEND = YES;
				GCC_C_LANGUAGE_STANDARD = gnu11;
				GCC_NO_COMMON_BLOCKS = YES;
				GCC_WARN_64_TO_32_BIT_CONVERSION = YES;
				GCC_WARN_ABOUT_RETURN_TYPE = YES_ERROR;
				GCC_WARN_UNDECLARED_SELECTOR = YES;
				GCC_WARN_UNINITIALIZED_AUTOS = YES_AGGRESSIVE;
				GCC_WARN_UNUSED_FUNCTION = YES;
				GCC_WARN_UNUSED_VARIABLE = YES;
				IPHONEOS_DEPLOYMENT_TARGET = 11.0;
				MTL_ENABLE_DEBUG_INFO = NO;
				SDKROOT = iphoneos;
				SWIFT_OPTIMIZATION_LEVEL = "-Owholemodule";
				VALIDATE_PRODUCT = YES;
			};
			name = Release;
		};
		E844E4321F95E1AB00A4E90A /* Debug */ = {
			isa = XCBuildConfiguration;
			baseConfigurationReference = 99836C73D1BD41E2BCBC718E /* Pods-Smack.debug.xcconfig */;
			buildSettings = {
				ASSETCATALOG_COMPILER_APPICON_NAME = AppIcon;
				CLANG_ENABLE_MODULES = YES;
				CODE_SIGN_STYLE = Automatic;
				DEVELOPMENT_TEAM = XYPDXK3E6M;
				INFOPLIST_FILE = Smack/Info.plist;
				LD_RUNPATH_SEARCH_PATHS = "$(inherited) @executable_path/Frameworks";
				PRODUCT_BUNDLE_IDENTIFIER = takmingmis.Smack;
				PRODUCT_NAME = "$(TARGET_NAME)";
				SWIFT_OBJC_BRIDGING_HEADER = "Smack/Supporting Files/Smack-Bridging-Header.h";
				SWIFT_OPTIMIZATION_LEVEL = "-Onone";
				SWIFT_VERSION = 4.0;
				TARGETED_DEVICE_FAMILY = "1,2";
			};
			name = Debug;
		};
		E844E4331F95E1AB00A4E90A /* Release */ = {
			isa = XCBuildConfiguration;
			baseConfigurationReference = F2584837F78EF8486BBCE129 /* Pods-Smack.release.xcconfig */;
			buildSettings = {
				ASSETCATALOG_COMPILER_APPICON_NAME = AppIcon;
				CLANG_ENABLE_MODULES = YES;
				CODE_SIGN_STYLE = Automatic;
				DEVELOPMENT_TEAM = XYPDXK3E6M;
				INFOPLIST_FILE = Smack/Info.plist;
				LD_RUNPATH_SEARCH_PATHS = "$(inherited) @executable_path/Frameworks";
				PRODUCT_BUNDLE_IDENTIFIER = takmingmis.Smack;
				PRODUCT_NAME = "$(TARGET_NAME)";
				SWIFT_OBJC_BRIDGING_HEADER = "Smack/Supporting Files/Smack-Bridging-Header.h";
				SWIFT_VERSION = 4.0;
				TARGETED_DEVICE_FAMILY = "1,2";
			};
			name = Release;
		};
/* End XCBuildConfiguration section */

/* Begin XCConfigurationList section */
		E844E41A1F95E1AB00A4E90A /* Build configuration list for PBXProject "Smack" */ = {
			isa = XCConfigurationList;
			buildConfigurations = (
				E844E42F1F95E1AB00A4E90A /* Debug */,
				E844E4301F95E1AB00A4E90A /* Release */,
			);
			defaultConfigurationIsVisible = 0;
			defaultConfigurationName = Release;
		};
		E844E4311F95E1AB00A4E90A /* Build configuration list for PBXNativeTarget "Smack" */ = {
			isa = XCConfigurationList;
			buildConfigurations = (
				E844E4321F95E1AB00A4E90A /* Debug */,
				E844E4331F95E1AB00A4E90A /* Release */,
			);
			defaultConfigurationIsVisible = 0;
			defaultConfigurationName = Release;
		};
/* End XCConfigurationList section */
	};
	rootObject = E844E4171F95E1AB00A4E90A /* Project object */;
}
